// !$*UTF8*$!
{
	archiveVersion = 1;
	classes = {
	};
	objectVersion = 46;
	objects = {

/* Begin PBXBuildFile section */
		D1E474853659DF9DA1942E66 /* Pods_FMDBModel.framework in Frameworks */ = {isa = PBXBuildFile; fileRef = 54AAE40F0249856B20D50258 /* Pods_FMDBModel.framework */; };
		EE0480E61EF2B1D00029B2E4 /* main.m in Sources */ = {isa = PBXBuildFile; fileRef = EE0480E51EF2B1D00029B2E4 /* main.m */; };
		EE0480E91EF2B1D00029B2E4 /* AppDelegate.m in Sources */ = {isa = PBXBuildFile; fileRef = EE0480E81EF2B1D00029B2E4 /* AppDelegate.m */; };
		EE0480EC1EF2B1D00029B2E4 /* ViewController.m in Sources */ = {isa = PBXBuildFile; fileRef = EE0480EB1EF2B1D00029B2E4 /* ViewController.m */; };
		EE0480EF1EF2B1D00029B2E4 /* Main.storyboard in Resources */ = {isa = PBXBuildFile; fileRef = EE0480ED1EF2B1D00029B2E4 /* Main.storyboard */; };
		EE0480F11EF2B1D00029B2E4 /* Assets.xcassets in Resources */ = {isa = PBXBuildFile; fileRef = EE0480F01EF2B1D00029B2E4 /* Assets.xcassets */; };
		EE0480F41EF2B1D00029B2E4 /* LaunchScreen.storyboard in Resources */ = {isa = PBXBuildFile; fileRef = EE0480F21EF2B1D00029B2E4 /* LaunchScreen.storyboard */; };
		EE0480FF1EF2B1D00029B2E4 /* FMDBModelTests.m in Sources */ = {isa = PBXBuildFile; fileRef = EE0480FE1EF2B1D00029B2E4 /* FMDBModelTests.m */; };
		EE04810A1EF2B1D00029B2E4 /* FMDBModelUITests.m in Sources */ = {isa = PBXBuildFile; fileRef = EE0481091EF2B1D00029B2E4 /* FMDBModelUITests.m */; };
		EE04811A1EF2B1EE0029B2E4 /* LXQFMDBModel.m in Sources */ = {isa = PBXBuildFile; fileRef = EE0481191EF2B1EE0029B2E4 /* LXQFMDBModel.m */; };
		EE04811D1EF2B2040029B2E4 /* LXQFMDBMaker.m in Sources */ = {isa = PBXBuildFile; fileRef = EE04811C1EF2B2040029B2E4 /* LXQFMDBMaker.m */; };
/* End PBXBuildFile section */

/* Begin PBXContainerItemProxy section */
		EE0480FB1EF2B1D00029B2E4 /* PBXContainerItemProxy */ = {
			isa = PBXContainerItemProxy;
			containerPortal = EE0480D91EF2B1D00029B2E4 /* Project object */;
			proxyType = 1;
			remoteGlobalIDString = EE0480E01EF2B1D00029B2E4;
			remoteInfo = FMDBModel;
		};
		EE0481061EF2B1D00029B2E4 /* PBXContainerItemProxy */ = {
			isa = PBXContainerItemProxy;
			containerPortal = EE0480D91EF2B1D00029B2E4 /* Project object */;
			proxyType = 1;
			remoteGlobalIDString = EE0480E01EF2B1D00029B2E4;
			remoteInfo = FMDBModel;
		};
/* End PBXContainerItemProxy section */

/* Begin PBXFileReference section */
		54AAE40F0249856B20D50258 /* Pods_FMDBModel.framework */ = {isa = PBXFileReference; explicitFileType = wrapper.framework; includeInIndex = 0; path = Pods_FMDBModel.framework; sourceTree = BUILT_PRODUCTS_DIR; };
		AE5537B8C8B198C5CBE46DFC /* Pods-FMDBModel.release.xcconfig */ = {isa = PBXFileReference; includeInIndex = 1; lastKnownFileType = text.xcconfig; name = "Pods-FMDBModel.release.xcconfig"; path = "Pods/Target Support Files/Pods-FMDBModel/Pods-FMDBModel.release.xcconfig"; sourceTree = "<group>"; };
		BB62630D4718399E5B8627B3 /* Pods-FMDBModel.debug.xcconfig */ = {isa = PBXFileReference; includeInIndex = 1; lastKnownFileType = text.xcconfig; name = "Pods-FMDBModel.debug.xcconfig"; path = "Pods/Target Support Files/Pods-FMDBModel/Pods-FMDBModel.debug.xcconfig"; sourceTree = "<group>"; };
		EE0480E11EF2B1D00029B2E4 /* FMDBModel.app */ = {isa = PBXFileReference; explicitFileType = wrapper.application; includeInIndex = 0; path = FMDBModel.app; sourceTree = BUILT_PRODUCTS_DIR; };
		EE0480E51EF2B1D00029B2E4 /* main.m */ = {isa = PBXFileReference; lastKnownFileType = sourcecode.c.objc; path = main.m; sourceTree = "<group>"; };
		EE0480E71EF2B1D00029B2E4 /* AppDelegate.h */ = {isa = PBXFileReference; lastKnownFileType = sourcecode.c.h; path = AppDelegate.h; sourceTree = "<group>"; };
		EE0480E81EF2B1D00029B2E4 /* AppDelegate.m */ = {isa = PBXFileReference; lastKnownFileType = sourcecode.c.objc; path = AppDelegate.m; sourceTree = "<group>"; };
		EE0480EA1EF2B1D00029B2E4 /* ViewController.h */ = {isa = PBXFileReference; lastKnownFileType = sourcecode.c.h; path = ViewController.h; sourceTree = "<group>"; };
		EE0480EB1EF2B1D00029B2E4 /* ViewController.m */ = {isa = PBXFileReference; lastKnownFileType = sourcecode.c.objc; path = ViewController.m; sourceTree = "<group>"; };
		EE0480EE1EF2B1D00029B2E4 /* Base */ = {isa = PBXFileReference; lastKnownFileType = file.storyboard; name = Base; path = Base.lproj/Main.storyboard; sourceTree = "<group>"; };
		EE0480F01EF2B1D00029B2E4 /* Assets.xcassets */ = {isa = PBXFileReference; lastKnownFileType = folder.assetcatalog; path = Assets.xcassets; sourceTree = "<group>"; };
		EE0480F31EF2B1D00029B2E4 /* Base */ = {isa = PBXFileReference; lastKnownFileType = file.storyboard; name = Base; path = Base.lproj/LaunchScreen.storyboard; sourceTree = "<group>"; };
		EE0480F51EF2B1D00029B2E4 /* Info.plist */ = {isa = PBXFileReference; lastKnownFileType = text.plist.xml; path = Info.plist; sourceTree = "<group>"; };
		EE0480FA1EF2B1D00029B2E4 /* FMDBModelTests.xctest */ = {isa = PBXFileReference; explicitFileType = wrapper.cfbundle; includeInIndex = 0; path = FMDBModelTests.xctest; sourceTree = BUILT_PRODUCTS_DIR; };
		EE0480FE1EF2B1D00029B2E4 /* FMDBModelTests.m */ = {isa = PBXFileReference; lastKnownFileType = sourcecode.c.objc; path = FMDBModelTests.m; sourceTree = "<group>"; };
		EE0481001EF2B1D00029B2E4 /* Info.plist */ = {isa = PBXFileReference; lastKnownFileType = text.plist.xml; path = Info.plist; sourceTree = "<group>"; };
		EE0481051EF2B1D00029B2E4 /* FMDBModelUITests.xctest */ = {isa = PBXFileReference; explicitFileType = wrapper.cfbundle; includeInIndex = 0; path = FMDBModelUITests.xctest; sourceTree = BUILT_PRODUCTS_DIR; };
		EE0481091EF2B1D00029B2E4 /* FMDBModelUITests.m */ = {isa = PBXFileReference; lastKnownFileType = sourcecode.c.objc; path = FMDBModelUITests.m; sourceTree = "<group>"; };
		EE04810B1EF2B1D00029B2E4 /* Info.plist */ = {isa = PBXFileReference; lastKnownFileType = text.plist.xml; path = Info.plist; sourceTree = "<group>"; };
		EE0481181EF2B1EE0029B2E4 /* LXQFMDBModel.h */ = {isa = PBXFileReference; fileEncoding = 4; lastKnownFileType = sourcecode.c.h; path = LXQFMDBModel.h; sourceTree = "<group>"; };
		EE0481191EF2B1EE0029B2E4 /* LXQFMDBModel.m */ = {isa = PBXFileReference; fileEncoding = 4; lastKnownFileType = sourcecode.c.objc; path = LXQFMDBModel.m; sourceTree = "<group>"; };
		EE04811B1EF2B2040029B2E4 /* LXQFMDBMaker.h */ = {isa = PBXFileReference; fileEncoding = 4; lastKnownFileType = sourcecode.c.h; path = LXQFMDBMaker.h; sourceTree = "<group>"; };
		EE04811C1EF2B2040029B2E4 /* LXQFMDBMaker.m */ = {isa = PBXFileReference; fileEncoding = 4; lastKnownFileType = sourcecode.c.objc; path = LXQFMDBMaker.m; sourceTree = "<group>"; };
/* End PBXFileReference section */

/* Begin PBXFrameworksBuildPhase section */
		EE0480DE1EF2B1D00029B2E4 /* Frameworks */ = {
			isa = PBXFrameworksBuildPhase;
			buildActionMask = 2147483647;
			files = (
				D1E474853659DF9DA1942E66 /* Pods_FMDBModel.framework in Frameworks */,
			);
			runOnlyForDeploymentPostprocessing = 0;
		};
		EE0480F71EF2B1D00029B2E4 /* Frameworks */ = {
			isa = PBXFrameworksBuildPhase;
			buildActionMask = 2147483647;
			files = (
			);
			runOnlyForDeploymentPostprocessing = 0;
		};
		EE0481021EF2B1D00029B2E4 /* Frameworks */ = {
			isa = PBXFrameworksBuildPhase;
			buildActionMask = 2147483647;
			files = (
			);
			runOnlyForDeploymentPostprocessing = 0;
		};
/* End PBXFrameworksBuildPhase section */

/* Begin PBXGroup section */
		6C766C467F0DC59158D6D9D4 /* Pods */ = {
			isa = PBXGroup;
			children = (
				BB62630D4718399E5B8627B3 /* Pods-FMDBModel.debug.xcconfig */,
				AE5537B8C8B198C5CBE46DFC /* Pods-FMDBModel.release.xcconfig */,
			);
			name = Pods;
			sourceTree = "<group>";
		};
		BA010287AE5450D69F63CE45 /* Frameworks */ = {
			isa = PBXGroup;
			children = (
				54AAE40F0249856B20D50258 /* Pods_FMDBModel.framework */,
			);
			name = Frameworks;
			sourceTree = "<group>";
		};
		EE0480D81EF2B1D00029B2E4 = {
			isa = PBXGroup;
			children = (
				EE0480E31EF2B1D00029B2E4 /* FMDBModel */,
				EE0480FD1EF2B1D00029B2E4 /* FMDBModelTests */,
				EE0481081EF2B1D00029B2E4 /* FMDBModelUITests */,
				EE0480E21EF2B1D00029B2E4 /* Products */,
				6C766C467F0DC59158D6D9D4 /* Pods */,
				BA010287AE5450D69F63CE45 /* Frameworks */,
			);
			sourceTree = "<group>";
		};
		EE0480E21EF2B1D00029B2E4 /* Products */ = {
			isa = PBXGroup;
			children = (
				EE0480E11EF2B1D00029B2E4 /* FMDBModel.app */,
				EE0480FA1EF2B1D00029B2E4 /* FMDBModelTests.xctest */,
				EE0481051EF2B1D00029B2E4 /* FMDBModelUITests.xctest */,
			);
			name = Products;
			sourceTree = "<group>";
		};
		EE0480E31EF2B1D00029B2E4 /* FMDBModel */ = {
			isa = PBXGroup;
			children = (
				EE0481171EF2B1D70029B2E4 /* FMDBModel */,
				EE0480E71EF2B1D00029B2E4 /* AppDelegate.h */,
				EE0480E81EF2B1D00029B2E4 /* AppDelegate.m */,
				EE0480EA1EF2B1D00029B2E4 /* ViewController.h */,
				EE0480EB1EF2B1D00029B2E4 /* ViewController.m */,
				EE0480ED1EF2B1D00029B2E4 /* Main.storyboard */,
				EE0480F01EF2B1D00029B2E4 /* Assets.xcassets */,
				EE0480F21EF2B1D00029B2E4 /* LaunchScreen.storyboard */,
				EE0480F51EF2B1D00029B2E4 /* Info.plist */,
				EE0480E41EF2B1D00029B2E4 /* Supporting Files */,
			);
			path = FMDBModel;
			sourceTree = "<group>";
		};
		EE0480E41EF2B1D00029B2E4 /* Supporting Files */ = {
			isa = PBXGroup;
			children = (
				EE0480E51EF2B1D00029B2E4 /* main.m */,
			);
			name = "Supporting Files";
			sourceTree = "<group>";
		};
		EE0480FD1EF2B1D00029B2E4 /* FMDBModelTests */ = {
			isa = PBXGroup;
			children = (
				EE0480FE1EF2B1D00029B2E4 /* FMDBModelTests.m */,
				EE0481001EF2B1D00029B2E4 /* Info.plist */,
			);
			path = FMDBModelTests;
			sourceTree = "<group>";
		};
		EE0481081EF2B1D00029B2E4 /* FMDBModelUITests */ = {
			isa = PBXGroup;
			children = (
				EE0481091EF2B1D00029B2E4 /* FMDBModelUITests.m */,
				EE04810B1EF2B1D00029B2E4 /* Info.plist */,
			);
			path = FMDBModelUITests;
			sourceTree = "<group>";
		};
		EE0481171EF2B1D70029B2E4 /* FMDBModel */ = {
			isa = PBXGroup;
			children = (
				EE0481181EF2B1EE0029B2E4 /* LXQFMDBModel.h */,
				EE0481191EF2B1EE0029B2E4 /* LXQFMDBModel.m */,
				EE04811B1EF2B2040029B2E4 /* LXQFMDBMaker.h */,
				EE04811C1EF2B2040029B2E4 /* LXQFMDBMaker.m */,
			);
			name = FMDBModel;
			sourceTree = "<group>";
		};
/* End PBXGroup section */

/* Begin PBXNativeTarget section */
		EE0480E01EF2B1D00029B2E4 /* FMDBModel */ = {
			isa = PBXNativeTarget;
			buildConfigurationList = EE04810E1EF2B1D00029B2E4 /* Build configuration list for PBXNativeTarget "FMDBModel" */;
			buildPhases = (
				11D96822EBE329F0DBCF6B70 /* [CP] Check Pods Manifest.lock */,
				EE0480DD1EF2B1D00029B2E4 /* Sources */,
				EE0480DE1EF2B1D00029B2E4 /* Frameworks */,
				EE0480DF1EF2B1D00029B2E4 /* Resources */,
				7CA9427874C31CE0150EFF05 /* [CP] Embed Pods Frameworks */,
				89008C2D2E0753BE0CB24C91 /* [CP] Copy Pods Resources */,
			);
			buildRules = (
			);
			dependencies = (
			);
			name = FMDBModel;
			productName = FMDBModel;
			productReference = EE0480E11EF2B1D00029B2E4 /* FMDBModel.app */;
			productType = "com.apple.product-type.application";
		};
		EE0480F91EF2B1D00029B2E4 /* FMDBModelTests */ = {
			isa = PBXNativeTarget;
			buildConfigurationList = EE0481111EF2B1D00029B2E4 /* Build configuration list for PBXNativeTarget "FMDBModelTests" */;
			buildPhases = (
				EE0480F61EF2B1D00029B2E4 /* Sources */,
				EE0480F71EF2B1D00029B2E4 /* Frameworks */,
				EE0480F81EF2B1D00029B2E4 /* Resources */,
			);
			buildRules = (
			);
			dependencies = (
				EE0480FC1EF2B1D00029B2E4 /* PBXTargetDependency */,
			);
			name = FMDBModelTests;
			productName = FMDBModelTests;
			productReference = EE0480FA1EF2B1D00029B2E4 /* FMDBModelTests.xctest */;
			productType = "com.apple.product-type.bundle.unit-test";
		};
		EE0481041EF2B1D00029B2E4 /* FMDBModelUITests */ = {
			isa = PBXNativeTarget;
			buildConfigurationList = EE0481141EF2B1D00029B2E4 /* Build configuration list for PBXNativeTarget "FMDBModelUITests" */;
			buildPhases = (
				EE0481011EF2B1D00029B2E4 /* Sources */,
				EE0481021EF2B1D00029B2E4 /* Frameworks */,
				EE0481031EF2B1D00029B2E4 /* Resources */,
			);
			buildRules = (
			);
			dependencies = (
				EE0481071EF2B1D00029B2E4 /* PBXTargetDependency */,
			);
			name = FMDBModelUITests;
			productName = FMDBModelUITests;
			productReference = EE0481051EF2B1D00029B2E4 /* FMDBModelUITests.xctest */;
			productType = "com.apple.product-type.bundle.ui-testing";
		};
/* End PBXNativeTarget section */

/* Begin PBXProject section */
		EE0480D91EF2B1D00029B2E4 /* Project object */ = {
			isa = PBXProject;
			attributes = {
				LastUpgradeCheck = 0830;
				ORGANIZATIONNAME = LXQ.inc;
				TargetAttributes = {
					EE0480E01EF2B1D00029B2E4 = {
						CreatedOnToolsVersion = 8.3.3;
						DevelopmentTeam = SQM25H9TT2;
						ProvisioningStyle = Automatic;
					};
					EE0480F91EF2B1D00029B2E4 = {
						CreatedOnToolsVersion = 8.3.3;
						DevelopmentTeam = SQM25H9TT2;
						ProvisioningStyle = Automatic;
						TestTargetID = EE0480E01EF2B1D00029B2E4;
					};
					EE0481041EF2B1D00029B2E4 = {
						CreatedOnToolsVersion = 8.3.3;
						DevelopmentTeam = SQM25H9TT2;
						ProvisioningStyle = Automatic;
						TestTargetID = EE0480E01EF2B1D00029B2E4;
					};
				};
			};
			buildConfigurationList = EE0480DC1EF2B1D00029B2E4 /* Build configuration list for PBXProject "FMDBModel" */;
			compatibilityVersion = "Xcode 3.2";
			developmentRegion = English;
			hasScannedForEncodings = 0;
			knownRegions = (
				en,
				Base,
			);
			mainGroup = EE0480D81EF2B1D00029B2E4;
			productRefGroup = EE0480E21EF2B1D00029B2E4 /* Products */;
			projectDirPath = "";
			projectRoot = "";
			targets = (
				EE0480E01EF2B1D00029B2E4 /* FMDBModel */,
				EE0480F91EF2B1D00029B2E4 /* FMDBModelTests */,
				EE0481041EF2B1D00029B2E4 /* FMDBModelUITests */,
			);
		};
/* End PBXProject section */

/* Begin PBXResourcesBuildPhase section */
		EE0480DF1EF2B1D00029B2E4 /* Resources */ = {
			isa = PBXResourcesBuildPhase;
			buildActionMask = 2147483647;
			files = (
				EE0480F41EF2B1D00029B2E4 /* LaunchScreen.storyboard in Resources */,
				EE0480F11EF2B1D00029B2E4 /* Assets.xcassets in Resources */,
				EE0480EF1EF2B1D00029B2E4 /* Main.storyboard in Resources */,
			);
			runOnlyForDeploymentPostprocessing = 0;
		};
		EE0480F81EF2B1D00029B2E4 /* Resources */ = {
			isa = PBXResourcesBuildPhase;
			buildActionMask = 2147483647;
			files = (
			);
			runOnlyForDeploymentPostprocessing = 0;
		};
		EE0481031EF2B1D00029B2E4 /* Resources */ = {
			isa = PBXResourcesBuildPhase;
			buildActionMask = 2147483647;
			files = (
			);
			runOnlyForDeploymentPostprocessing = 0;
		};
/* End PBXResourcesBuildPhase section */

/* Begin PBXShellScriptBuildPhase section */
		11D96822EBE329F0DBCF6B70 /* [CP] Check Pods Manifest.lock */ = {
			isa = PBXShellScriptBuildPhase;
			buildActionMask = 2147483647;
			files = (
			);
			inputPaths = (
			);
			name = "[CP] Check Pods Manifest.lock";
			outputPaths = (
			);
			runOnlyForDeploymentPostprocessing = 0;
			shellPath = /bin/sh;
			shellScript = "diff \"${PODS_PODFILE_DIR_PATH}/Podfile.lock\" \"${PODS_ROOT}/Manifest.lock\" > /dev/null\nif [ $? != 0 ] ; then\n    # print error to STDERR\n    echo \"error: The sandbox is not in sync with the Podfile.lock. Run 'pod install' or update your CocoaPods installation.\" >&2\n    exit 1\nfi\n";
			showEnvVarsInLog = 0;
		};
		7CA9427874C31CE0150EFF05 /* [CP] Embed Pods Frameworks */ = {
			isa = PBXShellScriptBuildPhase;
			buildActionMask = 2147483647;
			files = (
			);
			inputPaths = (
			);
			name = "[CP] Embed Pods Frameworks";
			outputPaths = (
			);
			runOnlyForDeploymentPostprocessing = 0;
			shellPath = /bin/sh;
			shellScript = "\"${SRCROOT}/Pods/Target Support Files/Pods-FMDBModel/Pods-FMDBModel-frameworks.sh\"\n";
			showEnvVarsInLog = 0;
		};
		89008C2D2E0753BE0CB24C91 /* [CP] Copy Pods Resources */ = {
			isa = PBXShellScriptBuildPhase;
			buildActionMask = 2147483647;
			files = (
			);
			inputPaths = (
			);
			name = "[CP] Copy Pods Resources";
			outputPaths = (
			);
			runOnlyForDeploymentPostprocessing = 0;
			shellPath = /bin/sh;
			shellScript = "\"${SRCROOT}/Pods/Target Support Files/Pods-FMDBModel/Pods-FMDBModel-resources.sh\"\n";
			showEnvVarsInLog = 0;
		};
/* End PBXShellScriptBuildPhase section */

/* Begin PBXSourcesBuildPhase section */
		EE0480DD1EF2B1D00029B2E4 /* Sources */ = {
			isa = PBXSourcesBuildPhase;
			buildActionMask = 2147483647;
			files = (
				EE04811A1EF2B1EE0029B2E4 /* LXQFMDBModel.m in Sources */,
				EE0480EC1EF2B1D00029B2E4 /* ViewController.m in Sources */,
				EE0480E91EF2B1D00029B2E4 /* AppDelegate.m in Sources */,
				EE04811D1EF2B2040029B2E4 /* LXQFMDBMaker.m in Sources */,
				EE0480E61EF2B1D00029B2E4 /* main.m in Sources */,
			);
			runOnlyForDeploymentPostprocessing = 0;
		};
		EE0480F61EF2B1D00029B2E4 /* Sources */ = {
			isa = PBXSourcesBuildPhase;
			buildActionMask = 2147483647;
			files = (
				EE0480FF1EF2B1D00029B2E4 /* FMDBModelTests.m in Sources */,
			);
			runOnlyForDeploymentPostprocessing = 0;
		};
		EE0481011EF2B1D00029B2E4 /* Sources */ = {
			isa = PBXSourcesBuildPhase;
			buildActionMask = 2147483647;
			files = (
				EE04810A1EF2B1D00029B2E4 /* FMDBModelUITests.m in Sources */,
			);
			runOnlyForDeploymentPostprocessing = 0;
		};
/* End PBXSourcesBuildPhase section */

/* Begin PBXTargetDependency section */
		EE0480FC1EF2B1D00029B2E4 /* PBXTargetDependency */ = {
			isa = PBXTargetDependency;
			target = EE0480E01EF2B1D00029B2E4 /* FMDBModel */;
			targetProxy = EE0480FB1EF2B1D00029B2E4 /* PBXContainerItemProxy */;
		};
		EE0481071EF2B1D00029B2E4 /* PBXTargetDependency */ = {
			isa = PBXTargetDependency;
			target = EE0480E01EF2B1D00029B2E4 /* FMDBModel */;
			targetProxy = EE0481061EF2B1D00029B2E4 /* PBXContainerItemProxy */;
		};
/* End PBXTargetDependency section */

/* Begin PBXVariantGroup section */
		EE0480ED1EF2B1D00029B2E4 /* Main.storyboard */ = {
			isa = PBXVariantGroup;
			children = (
				EE0480EE1EF2B1D00029B2E4 /* Base */,
			);
			name = Main.storyboard;
			sourceTree = "<group>";
		};
		EE0480F21EF2B1D00029B2E4 /* LaunchScreen.storyboard */ = {
			isa = PBXVariantGroup;
			children = (
				EE0480F31EF2B1D00029B2E4 /* Base */,
			);
			name = LaunchScreen.storyboard;
			sourceTree = "<group>";
		};
/* End PBXVariantGroup section */

/* Begin XCBuildConfiguration section */
		EE04810C1EF2B1D00029B2E4 /* Debug */ = {
			isa = XCBuildConfiguration;
			buildSettings = {
				ALWAYS_SEARCH_USER_PATHS = NO;
				CLANG_ANALYZER_NONNULL = YES;
				CLANG_ANALYZER_NUMBER_OBJECT_CONVERSION = YES_AGGRESSIVE;
				CLANG_CXX_LANGUAGE_STANDARD = "gnu++0x";
				CLANG_CXX_LIBRARY = "libc++";
				CLANG_ENABLE_MODULES = YES;
				CLANG_ENABLE_OBJC_ARC = YES;
				CLANG_WARN_BOOL_CONVERSION = YES;
				CLANG_WARN_CONSTANT_CONVERSION = YES;
				CLANG_WARN_DIRECT_OBJC_ISA_USAGE = YES_ERROR;
				CLANG_WARN_DOCUMENTATION_COMMENTS = YES;
				CLANG_WARN_EMPTY_BODY = YES;
				CLANG_WARN_ENUM_CONVERSION = YES;
				CLANG_WARN_INFINITE_RECURSION = YES;
				CLANG_WARN_INT_CONVERSION = YES;
				CLANG_WARN_OBJC_ROOT_CLASS = YES_ERROR;
				CLANG_WARN_SUSPICIOUS_MOVE = YES;
				CLANG_WARN_UNREACHABLE_CODE = YES;
				CLANG_WARN__DUPLICATE_METHOD_MATCH = YES;
				"CODE_SIGN_IDENTITY[sdk=iphoneos*]" = "iPhone Developer";
				COPY_PHASE_STRIP = NO;
				DEBUG_INFORMATION_FORMAT = dwarf;
				ENABLE_STRICT_OBJC_MSGSEND = YES;
				ENABLE_TESTABILITY = YES;
				GCC_C_LANGUAGE_STANDARD = gnu99;
				GCC_DYNAMIC_NO_PIC = NO;
				GCC_NO_COMMON_BLOCKS = YES;
				GCC_OPTIMIZATION_LEVEL = 0;
				GCC_PREPROCESSOR_DEFINITIONS = (
					"DEBUG=1",
					"$(inherited)",
				);
				GCC_WARN_64_TO_32_BIT_CONVERSION = YES;
				GCC_WARN_ABOUT_RETURN_TYPE = YES_ERROR;
				GCC_WARN_UNDECLARED_SELECTOR = YES;
				GCC_WARN_UNINITIALIZED_AUTOS = YES_AGGRESSIVE;
				GCC_WARN_UNUSED_FUNCTION = YES;
				GCC_WARN_UNUSED_VARIABLE = YES;
				IPHONEOS_DEPLOYMENT_TARGET = 10.3;
				MTL_ENABLE_DEBUG_INFO = YES;
				ONLY_ACTIVE_ARCH = YES;
				SDKROOT = iphoneos;
			};
			name = Debug;
		};
		EE04810D1EF2B1D00029B2E4 /* Release */ = {
			isa = XCBuildConfiguration;
			buildSettings = {
				ALWAYS_SEARCH_USER_PATHS = NO;
				CLANG_ANALYZER_NONNULL = YES;
				CLANG_ANALYZER_NUMBER_OBJECT_CONVERSION = YES_AGGRESSIVE;
				CLANG_CXX_LANGUAGE_STANDARD = "gnu++0x";
				CLANG_CXX_LIBRARY = "libc++";
				CLANG_ENABLE_MODULES = YES;
				CLANG_ENABLE_OBJC_ARC = YES;
				CLANG_WARN_BOOL_CONVERSION = YES;
				CLANG_WARN_CONSTANT_CONVERSION = YES;
				CLANG_WARN_DIRECT_OBJC_ISA_USAGE = YES_ERROR;
				CLANG_WARN_DOCUMENTATION_COMMENTS = YES;
				CLANG_WARN_EMPTY_BODY = YES;
				CLANG_WARN_ENUM_CONVERSION = YES;
				CLANG_WARN_INFINITE_RECURSION = YES;
				CLANG_WARN_INT_CONVERSION = YES;
				CLANG_WARN_OBJC_ROOT_CLASS = YES_ERROR;
				CLANG_WARN_SUSPICIOUS_MOVE = YES;
				CLANG_WARN_UNREACHABLE_CODE = YES;
				CLANG_WARN__DUPLICATE_METHOD_MATCH = YES;
				"CODE_SIGN_IDENTITY[sdk=iphoneos*]" = "iPhone Developer";
				COPY_PHASE_STRIP = NO;
				DEBUG_INFORMATION_FORMAT = "dwarf-with-dsym";
				ENABLE_NS_ASSERTIONS = NO;
				ENABLE_STRICT_OBJC_MSGSEND = YES;
				GCC_C_LANGUAGE_STANDARD = gnu99;
				GCC_NO_COMMON_BLOCKS = YES;
				GCC_WARN_64_TO_32_BIT_CONVERSION = YES;
				GCC_WARN_ABOUT_RETURN_TYPE = YES_ERROR;
				GCC_WARN_UNDECLARED_SELECTOR = YES;
				GCC_WARN_UNINITIALIZED_AUTOS = YES_AGGRESSIVE;
				GCC_WARN_UNUSED_FUNCTION = YES;
				GCC_WARN_UNUSED_VARIABLE = YES;
				IPHONEOS_DEPLOYMENT_TARGET = 10.3;
				MTL_ENABLE_DEBUG_INFO = NO;
				SDKROOT = iphoneos;
				VALIDATE_PRODUCT = YES;
			};
			name = Release;
		};
		EE04810F1EF2B1D00029B2E4 /* Debug */ = {
			isa = XCBuildConfiguration;
			baseConfigurationReference = BB62630D4718399E5B8627B3 /* Pods-FMDBModel.debug.xcconfig */;
			buildSettings = {
				ASSETCATALOG_COMPILER_APPICON_NAME = AppIcon;
				DEVELOPMENT_TEAM = SQM25H9TT2;
				INFOPLIST_FILE = FMDBModel/Info.plist;
				LD_RUNPATH_SEARCH_PATHS = "$(inherited) @executable_path/Frameworks";
				PRODUCT_BUNDLE_IDENTIFIER = LXQ.FMDBModel;
				PRODUCT_NAME = "$(TARGET_NAME)";
			};
			name = Debug;
		};
		EE0481101EF2B1D00029B2E4 /* Release */ = {
			isa = XCBuildConfiguration;
			baseConfigurationReference = AE5537B8C8B198C5CBE46DFC /* Pods-FMDBModel.release.xcconfig */;
			buildSettings = {
				ASSETCATALOG_COMPILER_APPICON_NAME = AppIcon;
				DEVELOPMENT_TEAM = SQM25H9TT2;
				INFOPLIST_FILE = FMDBModel/Info.plist;
				LD_RUNPATH_SEARCH_PATHS = "$(inherited) @executable_path/Frameworks";
				PRODUCT_BUNDLE_IDENTIFIER = LXQ.FMDBModel;
				PRODUCT_NAME = "$(TARGET_NAME)";
			};
			name = Release;
		};
		EE0481121EF2B1D00029B2E4 /* Debug */ = {
			isa = XCBuildConfiguration;
			buildSettings = {
				BUNDLE_LOADER = "$(TEST_HOST)";
				DEVELOPMENT_TEAM = SQM25H9TT2;
				INFOPLIST_FILE = FMDBModelTests/Info.plist;
				LD_RUNPATH_SEARCH_PATHS = "$(inherited) @executable_path/Frameworks @loader_path/Frameworks";
				PRODUCT_BUNDLE_IDENTIFIER = LXQ.FMDBModelTests;
				PRODUCT_NAME = "$(TARGET_NAME)";
				TEST_HOST = "$(BUILT_PRODUCTS_DIR)/FMDBModel.app/FMDBModel";
			};
			name = Debug;
		};
		EE0481131EF2B1D00029B2E4 /* Release */ = {
			isa = XCBuildConfiguration;
			buildSettings = {
				BUNDLE_LOADER = "$(TEST_HOST)";
				DEVELOPMENT_TEAM = SQM25H9TT2;
				INFOPLIST_FILE = FMDBModelTests/Info.plist;
				LD_RUNPATH_SEARCH_PATHS = "$(inherited) @executable_path/Frameworks @loader_path/Frameworks";
				PRODUCT_BUNDLE_IDENTIFIER = LXQ.FMDBModelTests;
				PRODUCT_NAME = "$(TARGET_NAME)";
				TEST_HOST = "$(BUILT_PRODUCTS_DIR)/FMDBModel.app/FMDBModel";
			};
			name = Release;
		};
		EE0481151EF2B1D00029B2E4 /* Debug */ = {
			isa = XCBuildConfiguration;
			buildSettings = {
				DEVELOPMENT_TEAM = SQM25H9TT2;
				INFOPLIST_FILE = FMDBModelUITests/Info.plist;
				LD_RUNPATH_SEARCH_PATHS = "$(inherited) @executable_path/Frameworks @loader_path/Frameworks";
				PRODUCT_BUNDLE_IDENTIFIER = LXQ.FMDBModelUITests;
				PRODUCT_NAME = "$(TARGET_NAME)";
				TEST_TARGET_NAME = FMDBModel;
			};
			name = Debug;
		};
		EE0481161EF2B1D00029B2E4 /* Release */ = {
			isa = XCBuildConfiguration;
			buildSettings = {
				DEVELOPMENT_TEAM = SQM25H9TT2;
				INFOPLIST_FILE = FMDBModelUITests/Info.plist;
				LD_RUNPATH_SEARCH_PATHS = "$(inherited) @executable_path/Frameworks @loader_path/Frameworks";
				PRODUCT_BUNDLE_IDENTIFIER = LXQ.FMDBModelUITests;
				PRODUCT_NAME = "$(TARGET_NAME)";
				TEST_TARGET_NAME = FMDBModel;
			};
			name = Release;
		};
/* End XCBuildConfiguration section */

/* Begin XCConfigurationList section */
		EE0480DC1EF2B1D00029B2E4 /* Build configuration list for PBXProject "FMDBModel" */ = {
			isa = XCConfigurationList;
			buildConfigurations = (
				EE04810C1EF2B1D00029B2E4 /* Debug */,
				EE04810D1EF2B1D00029B2E4 /* Release */,
			);
			defaultConfigurationIsVisible = 0;
			defaultConfigurationName = Release;
		};
		EE04810E1EF2B1D00029B2E4 /* Build configuration list for PBXNativeTarget "FMDBModel" */ = {
			isa = XCConfigurationList;
			buildConfigurations = (
				EE04810F1EF2B1D00029B2E4 /* Debug */,
				EE0481101EF2B1D00029B2E4 /* Release */,
			);
			defaultConfigurationIsVisible = 0;
		};
		EE0481111EF2B1D00029B2E4 /* Build configuration list for PBXNativeTarget "FMDBModelTests" */ = {
			isa = XCConfigurationList;
			buildConfigurations = (
				EE0481121EF2B1D00029B2E4 /* Debug */,
				EE0481131EF2B1D00029B2E4 /* Release */,
			);
			defaultConfigurationIsVisible = 0;
		};
		EE0481141EF2B1D00029B2E4 /* Build configuration list for PBXNativeTarget "FMDBModelUITests" */ = {
			isa = XCConfigurationList;
			buildConfigurations = (
				EE0481151EF2B1D00029B2E4 /* Debug */,
				EE0481161EF2B1D00029B2E4 /* Release */,
			);
			defaultConfigurationIsVisible = 0;
		};
/* End XCConfigurationList section */
	};
	rootObject = EE0480D91EF2B1D00029B2E4 /* Project object */;
}
